// !$*UTF8*$!
{
	archiveVersion = 1;
	classes = {
	};
	objectVersion = 48;
	objects = {

/* Begin PBXBuildFile section */
		025294A6C4966B5ADD48678A /* Pods_PSI_AppUITests.framework in Frameworks */ = {isa = PBXBuildFile; fileRef = 9BEBC3ABF585F69F10C7C49B /* Pods_PSI_AppUITests.framework */; };
		C26E098FC5AEB2729F2D570B /* Pods_PSI_AppTests.framework in Frameworks */ = {isa = PBXBuildFile; fileRef = 5D00AB24EF6B44D482119D67 /* Pods_PSI_AppTests.framework */; };
		EA68EB1C202F7BD9001FA13A /* APIManager.swift in Sources */ = {isa = PBXBuildFile; fileRef = EA68EB1B202F7BD9001FA13A /* APIManager.swift */; };
		EA68EB1E202F811A001FA13A /* Constant.swift in Sources */ = {isa = PBXBuildFile; fileRef = EA68EB1D202F811A001FA13A /* Constant.swift */; };
		EA68EB20202F8A21001FA13A /* PSI.swift in Sources */ = {isa = PBXBuildFile; fileRef = EA68EB1F202F8A21001FA13A /* PSI.swift */; };
		EA68EB22202F8B86001FA13A /* Result.swift in Sources */ = {isa = PBXBuildFile; fileRef = EA68EB21202F8B86001FA13A /* Result.swift */; };
		EA68EB24202F8F27001FA13A /* PSIMapViewModel.swift in Sources */ = {isa = PBXBuildFile; fileRef = EA68EB23202F8F27001FA13A /* PSIMapViewModel.swift */; };
		EA68EB272030C81D001FA13A /* InfoWindow.swift in Sources */ = {isa = PBXBuildFile; fileRef = EA68EB262030C81D001FA13A /* InfoWindow.swift */; };
		EA68EB292030C82E001FA13A /* InfoWindow.xib in Resources */ = {isa = PBXBuildFile; fileRef = EA68EB282030C82E001FA13A /* InfoWindow.xib */; };
		EAB4F6B8202E3327007F7DB2 /* AppDelegate.swift in Sources */ = {isa = PBXBuildFile; fileRef = EAB4F6B7202E3327007F7DB2 /* AppDelegate.swift */; };
		EAB4F6BA202E3327007F7DB2 /* PSIMapViewController.swift in Sources */ = {isa = PBXBuildFile; fileRef = EAB4F6B9202E3327007F7DB2 /* PSIMapViewController.swift */; };
		EAB4F6BD202E3327007F7DB2 /* Main.storyboard in Resources */ = {isa = PBXBuildFile; fileRef = EAB4F6BB202E3327007F7DB2 /* Main.storyboard */; };
		EAB4F6BF202E3327007F7DB2 /* Assets.xcassets in Resources */ = {isa = PBXBuildFile; fileRef = EAB4F6BE202E3327007F7DB2 /* Assets.xcassets */; };
		EAB4F6C2202E3327007F7DB2 /* LaunchScreen.storyboard in Resources */ = {isa = PBXBuildFile; fileRef = EAB4F6C0202E3327007F7DB2 /* LaunchScreen.storyboard */; };
		EAB4F6CD202E3327007F7DB2 /* PSI_AppTests.swift in Sources */ = {isa = PBXBuildFile; fileRef = EAB4F6CC202E3327007F7DB2 /* PSI_AppTests.swift */; };
		EAB4F6D8202E3327007F7DB2 /* PSI_AppUITests.swift in Sources */ = {isa = PBXBuildFile; fileRef = EAB4F6D7202E3327007F7DB2 /* PSI_AppUITests.swift */; };
		EAB4F6EE202E3B61007F7DB2 /* PSIData.swift in Sources */ = {isa = PBXBuildFile; fileRef = EAB4F6ED202E3B61007F7DB2 /* PSIData.swift */; };
		EAB4F6EF202E3B61007F7DB2 /* PSIData.swift in Sources */ = {isa = PBXBuildFile; fileRef = EAB4F6ED202E3B61007F7DB2 /* PSIData.swift */; };
		EAB4F6F0202E3B61007F7DB2 /* PSIData.swift in Sources */ = {isa = PBXBuildFile; fileRef = EAB4F6ED202E3B61007F7DB2 /* PSIData.swift */; };
		EAC747AE2031F1A50055AB54 /* MainTabViewController.swift in Sources */ = {isa = PBXBuildFile; fileRef = EAC747AD2031F1A50055AB54 /* MainTabViewController.swift */; };
		EAC747B02031F28E0055AB54 /* PSIChartViewController.swift in Sources */ = {isa = PBXBuildFile; fileRef = EAC747AF2031F28E0055AB54 /* PSIChartViewController.swift */; };
		F7980B5360FC6A888FAE1417 /* Pods_PSI_App.framework in Frameworks */ = {isa = PBXBuildFile; fileRef = D7AAF68FCD2EDC14BA424A63 /* Pods_PSI_App.framework */; };
/* End PBXBuildFile section */

/* Begin PBXContainerItemProxy section */
		EAB4F6C9202E3327007F7DB2 /* PBXContainerItemProxy */ = {
			isa = PBXContainerItemProxy;
			containerPortal = EAB4F6AC202E3327007F7DB2 /* Project object */;
			proxyType = 1;
			remoteGlobalIDString = EAB4F6B3202E3327007F7DB2;
			remoteInfo = "PSI App";
		};
		EAB4F6D4202E3327007F7DB2 /* PBXContainerItemProxy */ = {
			isa = PBXContainerItemProxy;
			containerPortal = EAB4F6AC202E3327007F7DB2 /* Project object */;
			proxyType = 1;
			remoteGlobalIDString = EAB4F6B3202E3327007F7DB2;
			remoteInfo = "PSI App";
		};
/* End PBXContainerItemProxy section */

/* Begin PBXFileReference section */
		593BF7CF653FB6EB570D48E6 /* Pods-PSI App.release.xcconfig */ = {isa = PBXFileReference; includeInIndex = 1; lastKnownFileType = text.xcconfig; name = "Pods-PSI App.release.xcconfig"; path = "Pods/Target Support Files/Pods-PSI App/Pods-PSI App.release.xcconfig"; sourceTree = "<group>"; };
		5D00AB24EF6B44D482119D67 /* Pods_PSI_AppTests.framework */ = {isa = PBXFileReference; explicitFileType = wrapper.framework; includeInIndex = 0; path = Pods_PSI_AppTests.framework; sourceTree = BUILT_PRODUCTS_DIR; };
		7895E92EDF7E20894E5003AC /* Pods-PSI AppTests.release.xcconfig */ = {isa = PBXFileReference; includeInIndex = 1; lastKnownFileType = text.xcconfig; name = "Pods-PSI AppTests.release.xcconfig"; path = "Pods/Target Support Files/Pods-PSI AppTests/Pods-PSI AppTests.release.xcconfig"; sourceTree = "<group>"; };
		825A26F891857FEDC9957CEF /* Pods-PSI App.debug.xcconfig */ = {isa = PBXFileReference; includeInIndex = 1; lastKnownFileType = text.xcconfig; name = "Pods-PSI App.debug.xcconfig"; path = "Pods/Target Support Files/Pods-PSI App/Pods-PSI App.debug.xcconfig"; sourceTree = "<group>"; };
		8C6CF847F57790C977EE0F0A /* Pods-PSI AppUITests.debug.xcconfig */ = {isa = PBXFileReference; includeInIndex = 1; lastKnownFileType = text.xcconfig; name = "Pods-PSI AppUITests.debug.xcconfig"; path = "Pods/Target Support Files/Pods-PSI AppUITests/Pods-PSI AppUITests.debug.xcconfig"; sourceTree = "<group>"; };
		9BEBC3ABF585F69F10C7C49B /* Pods_PSI_AppUITests.framework */ = {isa = PBXFileReference; explicitFileType = wrapper.framework; includeInIndex = 0; path = Pods_PSI_AppUITests.framework; sourceTree = BUILT_PRODUCTS_DIR; };
		D7AAF68FCD2EDC14BA424A63 /* Pods_PSI_App.framework */ = {isa = PBXFileReference; explicitFileType = wrapper.framework; includeInIndex = 0; path = Pods_PSI_App.framework; sourceTree = BUILT_PRODUCTS_DIR; };
		EA68EB1B202F7BD9001FA13A /* APIManager.swift */ = {isa = PBXFileReference; lastKnownFileType = sourcecode.swift; path = APIManager.swift; sourceTree = "<group>"; };
		EA68EB1D202F811A001FA13A /* Constant.swift */ = {isa = PBXFileReference; lastKnownFileType = sourcecode.swift; path = Constant.swift; sourceTree = "<group>"; };
		EA68EB1F202F8A21001FA13A /* PSI.swift */ = {isa = PBXFileReference; lastKnownFileType = sourcecode.swift; path = PSI.swift; sourceTree = "<group>"; };
		EA68EB21202F8B86001FA13A /* Result.swift */ = {isa = PBXFileReference; lastKnownFileType = sourcecode.swift; path = Result.swift; sourceTree = "<group>"; };
		EA68EB23202F8F27001FA13A /* PSIMapViewModel.swift */ = {isa = PBXFileReference; lastKnownFileType = sourcecode.swift; path = PSIMapViewModel.swift; sourceTree = "<group>"; };
		EA68EB262030C81D001FA13A /* InfoWindow.swift */ = {isa = PBXFileReference; lastKnownFileType = sourcecode.swift; path = InfoWindow.swift; sourceTree = "<group>"; };
		EA68EB282030C82E001FA13A /* InfoWindow.xib */ = {isa = PBXFileReference; lastKnownFileType = file.xib; path = InfoWindow.xib; sourceTree = "<group>"; };
		EAB4F6B4202E3327007F7DB2 /* PSI App.app */ = {isa = PBXFileReference; explicitFileType = wrapper.application; includeInIndex = 0; path = "PSI App.app"; sourceTree = BUILT_PRODUCTS_DIR; };
		EAB4F6B7202E3327007F7DB2 /* AppDelegate.swift */ = {isa = PBXFileReference; lastKnownFileType = sourcecode.swift; path = AppDelegate.swift; sourceTree = "<group>"; };
		EAB4F6B9202E3327007F7DB2 /* PSIMapViewController.swift */ = {isa = PBXFileReference; lastKnownFileType = sourcecode.swift; path = PSIMapViewController.swift; sourceTree = "<group>"; };
		EAB4F6BC202E3327007F7DB2 /* Base */ = {isa = PBXFileReference; lastKnownFileType = file.storyboard; name = Base; path = Base.lproj/Main.storyboard; sourceTree = "<group>"; };
		EAB4F6BE202E3327007F7DB2 /* Assets.xcassets */ = {isa = PBXFileReference; lastKnownFileType = folder.assetcatalog; path = Assets.xcassets; sourceTree = "<group>"; };
		EAB4F6C1202E3327007F7DB2 /* Base */ = {isa = PBXFileReference; lastKnownFileType = file.storyboard; name = Base; path = Base.lproj/LaunchScreen.storyboard; sourceTree = "<group>"; };
		EAB4F6C3202E3327007F7DB2 /* Info.plist */ = {isa = PBXFileReference; lastKnownFileType = text.plist.xml; path = Info.plist; sourceTree = "<group>"; };
		EAB4F6C8202E3327007F7DB2 /* PSI AppTests.xctest */ = {isa = PBXFileReference; explicitFileType = wrapper.cfbundle; includeInIndex = 0; path = "PSI AppTests.xctest"; sourceTree = BUILT_PRODUCTS_DIR; };
		EAB4F6CC202E3327007F7DB2 /* PSI_AppTests.swift */ = {isa = PBXFileReference; lastKnownFileType = sourcecode.swift; path = PSI_AppTests.swift; sourceTree = "<group>"; };
		EAB4F6CE202E3327007F7DB2 /* Info.plist */ = {isa = PBXFileReference; lastKnownFileType = text.plist.xml; path = Info.plist; sourceTree = "<group>"; };
		EAB4F6D3202E3327007F7DB2 /* PSI AppUITests.xctest */ = {isa = PBXFileReference; explicitFileType = wrapper.cfbundle; includeInIndex = 0; path = "PSI AppUITests.xctest"; sourceTree = BUILT_PRODUCTS_DIR; };
		EAB4F6D7202E3327007F7DB2 /* PSI_AppUITests.swift */ = {isa = PBXFileReference; lastKnownFileType = sourcecode.swift; path = PSI_AppUITests.swift; sourceTree = "<group>"; };
		EAB4F6D9202E3327007F7DB2 /* Info.plist */ = {isa = PBXFileReference; lastKnownFileType = text.plist.xml; path = Info.plist; sourceTree = "<group>"; };
		EAB4F6ED202E3B61007F7DB2 /* PSIData.swift */ = {isa = PBXFileReference; lastKnownFileType = sourcecode.swift; path = PSIData.swift; sourceTree = "<group>"; };
		EAC747AD2031F1A50055AB54 /* MainTabViewController.swift */ = {isa = PBXFileReference; lastKnownFileType = sourcecode.swift; path = MainTabViewController.swift; sourceTree = "<group>"; };
		EAC747AF2031F28E0055AB54 /* PSIChartViewController.swift */ = {isa = PBXFileReference; lastKnownFileType = sourcecode.swift; path = PSIChartViewController.swift; sourceTree = "<group>"; };
		FD31A319E29D98112322F946 /* Pods-PSI AppUITests.release.xcconfig */ = {isa = PBXFileReference; includeInIndex = 1; lastKnownFileType = text.xcconfig; name = "Pods-PSI AppUITests.release.xcconfig"; path = "Pods/Target Support Files/Pods-PSI AppUITests/Pods-PSI AppUITests.release.xcconfig"; sourceTree = "<group>"; };
		FEF444D58069C8B60BC1F4B5 /* Pods-PSI AppTests.debug.xcconfig */ = {isa = PBXFileReference; includeInIndex = 1; lastKnownFileType = text.xcconfig; name = "Pods-PSI AppTests.debug.xcconfig"; path = "Pods/Target Support Files/Pods-PSI AppTests/Pods-PSI AppTests.debug.xcconfig"; sourceTree = "<group>"; };
/* End PBXFileReference section */

/* Begin PBXFrameworksBuildPhase section */
		EAB4F6B1202E3327007F7DB2 /* Frameworks */ = {
			isa = PBXFrameworksBuildPhase;
			buildActionMask = 2147483647;
			files = (
				F7980B5360FC6A888FAE1417 /* Pods_PSI_App.framework in Frameworks */,
			);
			runOnlyForDeploymentPostprocessing = 0;
		};
		EAB4F6C5202E3327007F7DB2 /* Frameworks */ = {
			isa = PBXFrameworksBuildPhase;
			buildActionMask = 2147483647;
			files = (
				C26E098FC5AEB2729F2D570B /* Pods_PSI_AppTests.framework in Frameworks */,
			);
			runOnlyForDeploymentPostprocessing = 0;
		};
		EAB4F6D0202E3327007F7DB2 /* Frameworks */ = {
			isa = PBXFrameworksBuildPhase;
			buildActionMask = 2147483647;
			files = (
				025294A6C4966B5ADD48678A /* Pods_PSI_AppUITests.framework in Frameworks */,
			);
			runOnlyForDeploymentPostprocessing = 0;
		};
/* End PBXFrameworksBuildPhase section */

/* Begin PBXGroup section */
		BAAF0704E420E78A9107FB5E /* Pods */ = {
			isa = PBXGroup;
			children = (
				825A26F891857FEDC9957CEF /* Pods-PSI App.debug.xcconfig */,
				593BF7CF653FB6EB570D48E6 /* Pods-PSI App.release.xcconfig */,
				FEF444D58069C8B60BC1F4B5 /* Pods-PSI AppTests.debug.xcconfig */,
				7895E92EDF7E20894E5003AC /* Pods-PSI AppTests.release.xcconfig */,
				8C6CF847F57790C977EE0F0A /* Pods-PSI AppUITests.debug.xcconfig */,
				FD31A319E29D98112322F946 /* Pods-PSI AppUITests.release.xcconfig */,
			);
			name = Pods;
			sourceTree = "<group>";
		};
		BED0CAED72D8B230C570C0FE /* Frameworks */ = {
			isa = PBXGroup;
			children = (
				D7AAF68FCD2EDC14BA424A63 /* Pods_PSI_App.framework */,
				5D00AB24EF6B44D482119D67 /* Pods_PSI_AppTests.framework */,
				9BEBC3ABF585F69F10C7C49B /* Pods_PSI_AppUITests.framework */,
			);
			name = Frameworks;
			sourceTree = "<group>";
		};
		EA68EB252030C801001FA13A /* Custom Views */ = {
			isa = PBXGroup;
			children = (
				EA68EB262030C81D001FA13A /* InfoWindow.swift */,
				EA68EB282030C82E001FA13A /* InfoWindow.xib */,
			);
			path = "Custom Views";
			sourceTree = "<group>";
		};
		EAB4F6AB202E3327007F7DB2 = {
			isa = PBXGroup;
			children = (
				EAB4F6B6202E3327007F7DB2 /* PSI App */,
				EAB4F6CB202E3327007F7DB2 /* PSI AppTests */,
				EAB4F6D6202E3327007F7DB2 /* PSI AppUITests */,
				EAB4F6B5202E3327007F7DB2 /* Products */,
				BAAF0704E420E78A9107FB5E /* Pods */,
				BED0CAED72D8B230C570C0FE /* Frameworks */,
			);
			sourceTree = "<group>";
		};
		EAB4F6B5202E3327007F7DB2 /* Products */ = {
			isa = PBXGroup;
			children = (
				EAB4F6B4202E3327007F7DB2 /* PSI App.app */,
				EAB4F6C8202E3327007F7DB2 /* PSI AppTests.xctest */,
				EAB4F6D3202E3327007F7DB2 /* PSI AppUITests.xctest */,
			);
			name = Products;
			sourceTree = "<group>";
		};
		EAB4F6B6202E3327007F7DB2 /* PSI App */ = {
			isa = PBXGroup;
			children = (
				EAB4F6EA202E3A06007F7DB2 /* Helpers */,
				EAB4F6E9202E39FD007F7DB2 /* Modules */,
				EAB4F6E8202E347E007F7DB2 /* Models */,
				EAB4F6E7202E33F1007F7DB2 /* Services */,
				EAB4F6B7202E3327007F7DB2 /* AppDelegate.swift */,
				EAB4F6BB202E3327007F7DB2 /* Main.storyboard */,
				EAB4F6BE202E3327007F7DB2 /* Assets.xcassets */,
				EAB4F6C0202E3327007F7DB2 /* LaunchScreen.storyboard */,
				EAB4F6C3202E3327007F7DB2 /* Info.plist */,
			);
			path = "PSI App";
			sourceTree = "<group>";
		};
		EAB4F6CB202E3327007F7DB2 /* PSI AppTests */ = {
			isa = PBXGroup;
			children = (
				EAB4F6CC202E3327007F7DB2 /* PSI_AppTests.swift */,
				EAB4F6CE202E3327007F7DB2 /* Info.plist */,
			);
			path = "PSI AppTests";
			sourceTree = "<group>";
		};
		EAB4F6D6202E3327007F7DB2 /* PSI AppUITests */ = {
			isa = PBXGroup;
			children = (
				EAB4F6D7202E3327007F7DB2 /* PSI_AppUITests.swift */,
				EAB4F6D9202E3327007F7DB2 /* Info.plist */,
			);
			path = "PSI AppUITests";
			sourceTree = "<group>";
		};
		EAB4F6E7202E33F1007F7DB2 /* Services */ = {
			isa = PBXGroup;
			children = (
				EA68EB1B202F7BD9001FA13A /* APIManager.swift */,
			);
			path = Services;
			sourceTree = "<group>";
		};
		EAB4F6E8202E347E007F7DB2 /* Models */ = {
			isa = PBXGroup;
			children = (
				EAB4F6ED202E3B61007F7DB2 /* PSIData.swift */,
				EA68EB1F202F8A21001FA13A /* PSI.swift */,
			);
			path = Models;
			sourceTree = "<group>";
		};
		EAB4F6E9202E39FD007F7DB2 /* Modules */ = {
			isa = PBXGroup;
			children = (
				EAC747AC2031F17C0055AB54 /* Main Tab */,
				EAB4F6EC202E3A81007F7DB2 /* PSIChart */,
				EAB4F6EB202E3A64007F7DB2 /* PSIMap */,
			);
			path = Modules;
			sourceTree = "<group>";
		};
		EAB4F6EA202E3A06007F7DB2 /* Helpers */ = {
			isa = PBXGroup;
			children = (
				EA68EB1D202F811A001FA13A /* Constant.swift */,
				EA68EB21202F8B86001FA13A /* Result.swift */,
			);
			path = Helpers;
			sourceTree = "<group>";
		};
		EAB4F6EB202E3A64007F7DB2 /* PSIMap */ = {
			isa = PBXGroup;
			children = (
				EA68EB252030C801001FA13A /* Custom Views */,
				EAB4F6B9202E3327007F7DB2 /* PSIMapViewController.swift */,
				EA68EB23202F8F27001FA13A /* PSIMapViewModel.swift */,
			);
			path = PSIMap;
			sourceTree = "<group>";
		};
		EAB4F6EC202E3A81007F7DB2 /* PSIChart */ = {
			isa = PBXGroup;
			children = (
				EAC747AF2031F28E0055AB54 /* PSIChartViewController.swift */,
			);
			path = PSIChart;
			sourceTree = "<group>";
		};
		EAC747AC2031F17C0055AB54 /* Main Tab */ = {
			isa = PBXGroup;
			children = (
				EAC747AD2031F1A50055AB54 /* MainTabViewController.swift */,
			);
			path = "Main Tab";
			sourceTree = "<group>";
		};
/* End PBXGroup section */

/* Begin PBXNativeTarget section */
		EAB4F6B3202E3327007F7DB2 /* PSI App */ = {
			isa = PBXNativeTarget;
			buildConfigurationList = EAB4F6DC202E3327007F7DB2 /* Build configuration list for PBXNativeTarget "PSI App" */;
			buildPhases = (
				338F427309683369E4B31036 /* [CP] Check Pods Manifest.lock */,
				EAB4F6B0202E3327007F7DB2 /* Sources */,
				EAB4F6B1202E3327007F7DB2 /* Frameworks */,
				EAB4F6B2202E3327007F7DB2 /* Resources */,
				F22E027102F278F065780067 /* [CP] Embed Pods Frameworks */,
				B4D5C6A7985D1B6D13A64463 /* [CP] Copy Pods Resources */,
			);
			buildRules = (
			);
			dependencies = (
			);
			name = "PSI App";
			productName = "PSI App";
			productReference = EAB4F6B4202E3327007F7DB2 /* PSI App.app */;
			productType = "com.apple.product-type.application";
		};
		EAB4F6C7202E3327007F7DB2 /* PSI AppTests */ = {
			isa = PBXNativeTarget;
			buildConfigurationList = EAB4F6DF202E3327007F7DB2 /* Build configuration list for PBXNativeTarget "PSI AppTests" */;
			buildPhases = (
				FDC55F823B33C7399489A67B /* [CP] Check Pods Manifest.lock */,
				EAB4F6C4202E3327007F7DB2 /* Sources */,
				EAB4F6C5202E3327007F7DB2 /* Frameworks */,
				EAB4F6C6202E3327007F7DB2 /* Resources */,
				1C6D8DB923057ACD02EFBBF4 /* [CP] Embed Pods Frameworks */,
				A587EEEEF39926D21BDF68EB /* [CP] Copy Pods Resources */,
			);
			buildRules = (
			);
			dependencies = (
				EAB4F6CA202E3327007F7DB2 /* PBXTargetDependency */,
			);
			name = "PSI AppTests";
			productName = "PSI AppTests";
			productReference = EAB4F6C8202E3327007F7DB2 /* PSI AppTests.xctest */;
			productType = "com.apple.product-type.bundle.unit-test";
		};
		EAB4F6D2202E3327007F7DB2 /* PSI AppUITests */ = {
			isa = PBXNativeTarget;
			buildConfigurationList = EAB4F6E2202E3327007F7DB2 /* Build configuration list for PBXNativeTarget "PSI AppUITests" */;
			buildPhases = (
				32F1B9141C958F9539C2B4EC /* [CP] Check Pods Manifest.lock */,
				EAB4F6CF202E3327007F7DB2 /* Sources */,
				EAB4F6D0202E3327007F7DB2 /* Frameworks */,
				EAB4F6D1202E3327007F7DB2 /* Resources */,
				B2D0EAE41CC6361D59A872DE /* [CP] Embed Pods Frameworks */,
				1BE7DB6354E85C5FE8FF8006 /* [CP] Copy Pods Resources */,
			);
			buildRules = (
			);
			dependencies = (
				EAB4F6D5202E3327007F7DB2 /* PBXTargetDependency */,
			);
			name = "PSI AppUITests";
			productName = "PSI AppUITests";
			productReference = EAB4F6D3202E3327007F7DB2 /* PSI AppUITests.xctest */;
			productType = "com.apple.product-type.bundle.ui-testing";
		};
/* End PBXNativeTarget section */

/* Begin PBXProject section */
		EAB4F6AC202E3327007F7DB2 /* Project object */ = {
			isa = PBXProject;
			attributes = {
				LastSwiftUpdateCheck = 0920;
				LastUpgradeCheck = 0920;
				ORGANIZATIONNAME = "Gema Megantara";
				TargetAttributes = {
					EAB4F6B3202E3327007F7DB2 = {
						CreatedOnToolsVersion = 9.2;
						ProvisioningStyle = Automatic;
					};
					EAB4F6C7202E3327007F7DB2 = {
						CreatedOnToolsVersion = 9.2;
						ProvisioningStyle = Automatic;
						TestTargetID = EAB4F6B3202E3327007F7DB2;
					};
					EAB4F6D2202E3327007F7DB2 = {
						CreatedOnToolsVersion = 9.2;
						ProvisioningStyle = Automatic;
						TestTargetID = EAB4F6B3202E3327007F7DB2;
					};
				};
			};
			buildConfigurationList = EAB4F6AF202E3327007F7DB2 /* Build configuration list for PBXProject "PSI App" */;
			compatibilityVersion = "Xcode 8.0";
			developmentRegion = en;
			hasScannedForEncodings = 0;
			knownRegions = (
				en,
				Base,
			);
			mainGroup = EAB4F6AB202E3327007F7DB2;
			productRefGroup = EAB4F6B5202E3327007F7DB2 /* Products */;
			projectDirPath = "";
			projectRoot = "";
			targets = (
				EAB4F6B3202E3327007F7DB2 /* PSI App */,
				EAB4F6C7202E3327007F7DB2 /* PSI AppTests */,
				EAB4F6D2202E3327007F7DB2 /* PSI AppUITests */,
			);
		};
/* End PBXProject section */

/* Begin PBXResourcesBuildPhase section */
		EAB4F6B2202E3327007F7DB2 /* Resources */ = {
			isa = PBXResourcesBuildPhase;
			buildActionMask = 2147483647;
			files = (
				EAB4F6C2202E3327007F7DB2 /* LaunchScreen.storyboard in Resources */,
				EAB4F6BF202E3327007F7DB2 /* Assets.xcassets in Resources */,
				EAB4F6BD202E3327007F7DB2 /* Main.storyboard in Resources */,
				EA68EB292030C82E001FA13A /* InfoWindow.xib in Resources */,
			);
			runOnlyForDeploymentPostprocessing = 0;
		};
		EAB4F6C6202E3327007F7DB2 /* Resources */ = {
			isa = PBXResourcesBuildPhase;
			buildActionMask = 2147483647;
			files = (
			);
			runOnlyForDeploymentPostprocessing = 0;
		};
		EAB4F6D1202E3327007F7DB2 /* Resources */ = {
			isa = PBXResourcesBuildPhase;
			buildActionMask = 2147483647;
			files = (
			);
			runOnlyForDeploymentPostprocessing = 0;
		};
/* End PBXResourcesBuildPhase section */

/* Begin PBXShellScriptBuildPhase section */
		1BE7DB6354E85C5FE8FF8006 /* [CP] Copy Pods Resources */ = {
			isa = PBXShellScriptBuildPhase;
			buildActionMask = 2147483647;
			files = (
			);
			inputPaths = (
			);
			name = "[CP] Copy Pods Resources";
			outputPaths = (
			);
			runOnlyForDeploymentPostprocessing = 0;
			shellPath = /bin/sh;
			shellScript = "\"${SRCROOT}/Pods/Target Support Files/Pods-PSI AppUITests/Pods-PSI AppUITests-resources.sh\"\n";
			showEnvVarsInLog = 0;
		};
		1C6D8DB923057ACD02EFBBF4 /* [CP] Embed Pods Frameworks */ = {
			isa = PBXShellScriptBuildPhase;
			buildActionMask = 2147483647;
			files = (
			);
			inputPaths = (
			);
			name = "[CP] Embed Pods Frameworks";
			outputPaths = (
			);
			runOnlyForDeploymentPostprocessing = 0;
			shellPath = /bin/sh;
			shellScript = "\"${SRCROOT}/Pods/Target Support Files/Pods-PSI AppTests/Pods-PSI AppTests-frameworks.sh\"\n";
			showEnvVarsInLog = 0;
		};
		32F1B9141C958F9539C2B4EC /* [CP] Check Pods Manifest.lock */ = {
			isa = PBXShellScriptBuildPhase;
			buildActionMask = 2147483647;
			files = (
			);
			inputPaths = (
				"${PODS_PODFILE_DIR_PATH}/Podfile.lock",
				"${PODS_ROOT}/Manifest.lock",
			);
			name = "[CP] Check Pods Manifest.lock";
			outputPaths = (
				"$(DERIVED_FILE_DIR)/Pods-PSI AppUITests-checkManifestLockResult.txt",
			);
			runOnlyForDeploymentPostprocessing = 0;
			shellPath = /bin/sh;
			shellScript = "diff \"${PODS_PODFILE_DIR_PATH}/Podfile.lock\" \"${PODS_ROOT}/Manifest.lock\" > /dev/null\nif [ $? != 0 ] ; then\n    # print error to STDERR\n    echo \"error: The sandbox is not in sync with the Podfile.lock. Run 'pod install' or update your CocoaPods installation.\" >&2\n    exit 1\nfi\n# This output is used by Xcode 'outputs' to avoid re-running this script phase.\necho \"SUCCESS\" > \"${SCRIPT_OUTPUT_FILE_0}\"\n";
			showEnvVarsInLog = 0;
		};
		338F427309683369E4B31036 /* [CP] Check Pods Manifest.lock */ = {
			isa = PBXShellScriptBuildPhase;
			buildActionMask = 2147483647;
			files = (
			);
			inputPaths = (
				"${PODS_PODFILE_DIR_PATH}/Podfile.lock",
				"${PODS_ROOT}/Manifest.lock",
			);
			name = "[CP] Check Pods Manifest.lock";
			outputPaths = (
				"$(DERIVED_FILE_DIR)/Pods-PSI App-checkManifestLockResult.txt",
			);
			runOnlyForDeploymentPostprocessing = 0;
			shellPath = /bin/sh;
			shellScript = "diff \"${PODS_PODFILE_DIR_PATH}/Podfile.lock\" \"${PODS_ROOT}/Manifest.lock\" > /dev/null\nif [ $? != 0 ] ; then\n    # print error to STDERR\n    echo \"error: The sandbox is not in sync with the Podfile.lock. Run 'pod install' or update your CocoaPods installation.\" >&2\n    exit 1\nfi\n# This output is used by Xcode 'outputs' to avoid re-running this script phase.\necho \"SUCCESS\" > \"${SCRIPT_OUTPUT_FILE_0}\"\n";
			showEnvVarsInLog = 0;
		};
		A587EEEEF39926D21BDF68EB /* [CP] Copy Pods Resources */ = {
			isa = PBXShellScriptBuildPhase;
			buildActionMask = 2147483647;
			files = (
			);
			inputPaths = (
			);
			name = "[CP] Copy Pods Resources";
			outputPaths = (
			);
			runOnlyForDeploymentPostprocessing = 0;
			shellPath = /bin/sh;
			shellScript = "\"${SRCROOT}/Pods/Target Support Files/Pods-PSI AppTests/Pods-PSI AppTests-resources.sh\"\n";
			showEnvVarsInLog = 0;
		};
		B2D0EAE41CC6361D59A872DE /* [CP] Embed Pods Frameworks */ = {
			isa = PBXShellScriptBuildPhase;
			buildActionMask = 2147483647;
			files = (
			);
			inputPaths = (
			);
			name = "[CP] Embed Pods Frameworks";
			outputPaths = (
			);
			runOnlyForDeploymentPostprocessing = 0;
			shellPath = /bin/sh;
			shellScript = "\"${SRCROOT}/Pods/Target Support Files/Pods-PSI AppUITests/Pods-PSI AppUITests-frameworks.sh\"\n";
			showEnvVarsInLog = 0;
		};
		B4D5C6A7985D1B6D13A64463 /* [CP] Copy Pods Resources */ = {
			isa = PBXShellScriptBuildPhase;
			buildActionMask = 2147483647;
			files = (
			);
			inputPaths = (
				"${SRCROOT}/Pods/Target Support Files/Pods-PSI App/Pods-PSI App-resources.sh",
				"${PODS_ROOT}/GoogleMaps/Maps/Frameworks/GoogleMaps.framework/Resources/GoogleMaps.bundle",
			);
			name = "[CP] Copy Pods Resources";
			outputPaths = (
				"${TARGET_BUILD_DIR}/${UNLOCALIZED_RESOURCES_FOLDER_PATH}",
			);
			runOnlyForDeploymentPostprocessing = 0;
			shellPath = /bin/sh;
			shellScript = "\"${SRCROOT}/Pods/Target Support Files/Pods-PSI App/Pods-PSI App-resources.sh\"\n";
			showEnvVarsInLog = 0;
		};
		F22E027102F278F065780067 /* [CP] Embed Pods Frameworks */ = {
			isa = PBXShellScriptBuildPhase;
			buildActionMask = 2147483647;
			files = (
			);
			inputPaths = (
				"${SRCROOT}/Pods/Target Support Files/Pods-PSI App/Pods-PSI App-frameworks.sh",
				"${BUILT_PRODUCTS_DIR}/Alamofire/Alamofire.framework",
				"${BUILT_PRODUCTS_DIR}/SwiftyJSON/SwiftyJSON.framework",
			);
			name = "[CP] Embed Pods Frameworks";
			outputPaths = (
				"${TARGET_BUILD_DIR}/${FRAMEWORKS_FOLDER_PATH}/Alamofire.framework",
				"${TARGET_BUILD_DIR}/${FRAMEWORKS_FOLDER_PATH}/SwiftyJSON.framework",
			);
			runOnlyForDeploymentPostprocessing = 0;
			shellPath = /bin/sh;
			shellScript = "\"${SRCROOT}/Pods/Target Support Files/Pods-PSI App/Pods-PSI App-frameworks.sh\"\n";
			showEnvVarsInLog = 0;
		};
		FDC55F823B33C7399489A67B /* [CP] Check Pods Manifest.lock */ = {
			isa = PBXShellScriptBuildPhase;
			buildActionMask = 2147483647;
			files = (
			);
			inputPaths = (
				"${PODS_PODFILE_DIR_PATH}/Podfile.lock",
				"${PODS_ROOT}/Manifest.lock",
			);
			name = "[CP] Check Pods Manifest.lock";
			outputPaths = (
				"$(DERIVED_FILE_DIR)/Pods-PSI AppTests-checkManifestLockResult.txt",
			);
			runOnlyForDeploymentPostprocessing = 0;
			shellPath = /bin/sh;
			shellScript = "diff \"${PODS_PODFILE_DIR_PATH}/Podfile.lock\" \"${PODS_ROOT}/Manifest.lock\" > /dev/null\nif [ $? != 0 ] ; then\n    # print error to STDERR\n    echo \"error: The sandbox is not in sync with the Podfile.lock. Run 'pod install' or update your CocoaPods installation.\" >&2\n    exit 1\nfi\n# This output is used by Xcode 'outputs' to avoid re-running this script phase.\necho \"SUCCESS\" > \"${SCRIPT_OUTPUT_FILE_0}\"\n";
			showEnvVarsInLog = 0;
		};
/* End PBXShellScriptBuildPhase section */

/* Begin PBXSourcesBuildPhase section */
		EAB4F6B0202E3327007F7DB2 /* Sources */ = {
			isa = PBXSourcesBuildPhase;
			buildActionMask = 2147483647;
			files = (
				EAB4F6BA202E3327007F7DB2 /* PSIMapViewController.swift in Sources */,
				EAB4F6EE202E3B61007F7DB2 /* PSIData.swift in Sources */,
				EA68EB1E202F811A001FA13A /* Constant.swift in Sources */,
				EA68EB1C202F7BD9001FA13A /* APIManager.swift in Sources */,
				EA68EB22202F8B86001FA13A /* Result.swift in Sources */,
				EAC747B02031F28E0055AB54 /* PSIChartViewController.swift in Sources */,
				EAC747AE2031F1A50055AB54 /* MainTabViewController.swift in Sources */,
				EA68EB272030C81D001FA13A /* InfoWindow.swift in Sources */,
				EA68EB20202F8A21001FA13A /* PSI.swift in Sources */,
				EA68EB24202F8F27001FA13A /* PSIMapViewModel.swift in Sources */,
				EAB4F6B8202E3327007F7DB2 /* AppDelegate.swift in Sources */,
			);
			runOnlyForDeploymentPostprocessing = 0;
		};
		EAB4F6C4202E3327007F7DB2 /* Sources */ = {
			isa = PBXSourcesBuildPhase;
			buildActionMask = 2147483647;
			files = (
				EAB4F6EF202E3B61007F7DB2 /* PSIData.swift in Sources */,
				EAB4F6CD202E3327007F7DB2 /* PSI_AppTests.swift in Sources */,
			);
			runOnlyForDeploymentPostprocessing = 0;
		};
		EAB4F6CF202E3327007F7DB2 /* Sources */ = {
			isa = PBXSourcesBuildPhase;
			buildActionMask = 2147483647;
			files = (
				EAB4F6F0202E3B61007F7DB2 /* PSIData.swift in Sources */,
				EAB4F6D8202E3327007F7DB2 /* PSI_AppUITests.swift in Sources */,
			);
			runOnlyForDeploymentPostprocessing = 0;
		};
/* End PBXSourcesBuildPhase section */

/* Begin PBXTargetDependency section */
		EAB4F6CA202E3327007F7DB2 /* PBXTargetDependency */ = {
			isa = PBXTargetDependency;
			target = EAB4F6B3202E3327007F7DB2 /* PSI App */;
			targetProxy = EAB4F6C9202E3327007F7DB2 /* PBXContainerItemProxy */;
		};
		EAB4F6D5202E3327007F7DB2 /* PBXTargetDependency */ = {
			isa = PBXTargetDependency;
			target = EAB4F6B3202E3327007F7DB2 /* PSI App */;
			targetProxy = EAB4F6D4202E3327007F7DB2 /* PBXContainerItemProxy */;
		};
/* End PBXTargetDependency section */

/* Begin PBXVariantGroup section */
		EAB4F6BB202E3327007F7DB2 /* Main.storyboard */ = {
			isa = PBXVariantGroup;
			children = (
				EAB4F6BC202E3327007F7DB2 /* Base */,
			);
			name = Main.storyboard;
			sourceTree = "<group>";
		};
		EAB4F6C0202E3327007F7DB2 /* LaunchScreen.storyboard */ = {
			isa = PBXVariantGroup;
			children = (
				EAB4F6C1202E3327007F7DB2 /* Base */,
			);
			name = LaunchScreen.storyboard;
			sourceTree = "<group>";
		};
/* End PBXVariantGroup section */

/* Begin XCBuildConfiguration section */
		EAB4F6DA202E3327007F7DB2 /* Debug */ = {
			isa = XCBuildConfiguration;
			buildSettings = {
				ALWAYS_SEARCH_USER_PATHS = NO;
				CLANG_ANALYZER_NONNULL = YES;
				CLANG_ANALYZER_NUMBER_OBJECT_CONVERSION = YES_AGGRESSIVE;
				CLANG_CXX_LANGUAGE_STANDARD = "gnu++14";
				CLANG_CXX_LIBRARY = "libc++";
				CLANG_ENABLE_MODULES = YES;
				CLANG_ENABLE_OBJC_ARC = YES;
				CLANG_WARN_BLOCK_CAPTURE_AUTORELEASING = YES;
				CLANG_WARN_BOOL_CONVERSION = YES;
				CLANG_WARN_COMMA = YES;
				CLANG_WARN_CONSTANT_CONVERSION = YES;
				CLANG_WARN_DIRECT_OBJC_ISA_USAGE = YES_ERROR;
				CLANG_WARN_DOCUMENTATION_COMMENTS = YES;
				CLANG_WARN_EMPTY_BODY = YES;
				CLANG_WARN_ENUM_CONVERSION = YES;
				CLANG_WARN_INFINITE_RECURSION = YES;
				CLANG_WARN_INT_CONVERSION = YES;
				CLANG_WARN_NON_LITERAL_NULL_CONVERSION = YES;
				CLANG_WARN_OBJC_LITERAL_CONVERSION = YES;
				CLANG_WARN_OBJC_ROOT_CLASS = YES_ERROR;
				CLANG_WARN_RANGE_LOOP_ANALYSIS = YES;
				CLANG_WARN_STRICT_PROTOTYPES = YES;
				CLANG_WARN_SUSPICIOUS_MOVE = YES;
				CLANG_WARN_UNGUARDED_AVAILABILITY = YES_AGGRESSIVE;
				CLANG_WARN_UNREACHABLE_CODE = YES;
				CLANG_WARN__DUPLICATE_METHOD_MATCH = YES;
				CODE_SIGN_IDENTITY = "iPhone Developer";
				COPY_PHASE_STRIP = NO;
				DEBUG_INFORMATION_FORMAT = dwarf;
				ENABLE_STRICT_OBJC_MSGSEND = YES;
				ENABLE_TESTABILITY = YES;
				GCC_C_LANGUAGE_STANDARD = gnu11;
				GCC_DYNAMIC_NO_PIC = NO;
				GCC_NO_COMMON_BLOCKS = YES;
				GCC_OPTIMIZATION_LEVEL = 0;
				GCC_PREPROCESSOR_DEFINITIONS = (
					"DEBUG=1",
					"$(inherited)",
				);
				GCC_WARN_64_TO_32_BIT_CONVERSION = YES;
				GCC_WARN_ABOUT_RETURN_TYPE = YES_ERROR;
				GCC_WARN_UNDECLARED_SELECTOR = YES;
				GCC_WARN_UNINITIALIZED_AUTOS = YES_AGGRESSIVE;
				GCC_WARN_UNUSED_FUNCTION = YES;
				GCC_WARN_UNUSED_VARIABLE = YES;
				IPHONEOS_DEPLOYMENT_TARGET = 11.2;
				MTL_ENABLE_DEBUG_INFO = YES;
				ONLY_ACTIVE_ARCH = YES;
				SDKROOT = iphoneos;
				SWIFT_ACTIVE_COMPILATION_CONDITIONS = DEBUG;
				SWIFT_OPTIMIZATION_LEVEL = "-Onone";
			};
			name = Debug;
		};
		EAB4F6DB202E3327007F7DB2 /* Release */ = {
			isa = XCBuildConfiguration;
			buildSettings = {
				ALWAYS_SEARCH_USER_PATHS = NO;
				CLANG_ANALYZER_NONNULL = YES;
				CLANG_ANALYZER_NUMBER_OBJECT_CONVERSION = YES_AGGRESSIVE;
				CLANG_CXX_LANGUAGE_STANDARD = "gnu++14";
				CLANG_CXX_LIBRARY = "libc++";
				CLANG_ENABLE_MODULES = YES;
				CLANG_ENABLE_OBJC_ARC = YES;
				CLANG_WARN_BLOCK_CAPTURE_AUTORELEASING = YES;
				CLANG_WARN_BOOL_CONVERSION = YES;
				CLANG_WARN_COMMA = YES;
				CLANG_WARN_CONSTANT_CONVERSION = YES;
				CLANG_WARN_DIRECT_OBJC_ISA_USAGE = YES_ERROR;
				CLANG_WARN_DOCUMENTATION_COMMENTS = YES;
				CLANG_WARN_EMPTY_BODY = YES;
				CLANG_WARN_ENUM_CONVERSION = YES;
				CLANG_WARN_INFINITE_RECURSION = YES;
				CLANG_WARN_INT_CONVERSION = YES;
				CLANG_WARN_NON_LITERAL_NULL_CONVERSION = YES;
				CLANG_WARN_OBJC_LITERAL_CONVERSION = YES;
				CLANG_WARN_OBJC_ROOT_CLASS = YES_ERROR;
				CLANG_WARN_RANGE_LOOP_ANALYSIS = YES;
				CLANG_WARN_STRICT_PROTOTYPES = YES;
				CLANG_WARN_SUSPICIOUS_MOVE = YES;
				CLANG_WARN_UNGUARDED_AVAILABILITY = YES_AGGRESSIVE;
				CLANG_WARN_UNREACHABLE_CODE = YES;
				CLANG_WARN__DUPLICATE_METHOD_MATCH = YES;
				CODE_SIGN_IDENTITY = "iPhone Developer";
				COPY_PHASE_STRIP = NO;
				DEBUG_INFORMATION_FORMAT = "dwarf-with-dsym";
				ENABLE_NS_ASSERTIONS = NO;
				ENABLE_STRICT_OBJC_MSGSEND = YES;
				GCC_C_LANGUAGE_STANDARD = gnu11;
				GCC_NO_COMMON_BLOCKS = YES;
				GCC_WARN_64_TO_32_BIT_CONVERSION = YES;
				GCC_WARN_ABOUT_RETURN_TYPE = YES_ERROR;
				GCC_WARN_UNDECLARED_SELECTOR = YES;
				GCC_WARN_UNINITIALIZED_AUTOS = YES_AGGRESSIVE;
				GCC_WARN_UNUSED_FUNCTION = YES;
				GCC_WARN_UNUSED_VARIABLE = YES;
				IPHONEOS_DEPLOYMENT_TARGET = 11.2;
				MTL_ENABLE_DEBUG_INFO = NO;
				SDKROOT = iphoneos;
				SWIFT_OPTIMIZATION_LEVEL = "-Owholemodule";
				VALIDATE_PRODUCT = YES;
			};
			name = Release;
		};
		EAB4F6DD202E3327007F7DB2 /* Debug */ = {
			isa = XCBuildConfiguration;
			baseConfigurationReference = 825A26F891857FEDC9957CEF /* Pods-PSI App.debug.xcconfig */;
			buildSettings = {
				ASSETCATALOG_COMPILER_APPICON_NAME = AppIcon;
				CODE_SIGN_STYLE = Automatic;
				DEVELOPMENT_TEAM = A5HC9A89Y3;
				INFOPLIST_FILE = "PSI App/Info.plist";
				LD_RUNPATH_SEARCH_PATHS = "$(inherited) @executable_path/Frameworks";
				PRODUCT_BUNDLE_IDENTIFIER = "com.megantara.PSI-App";
				PRODUCT_NAME = "$(TARGET_NAME)";
				SWIFT_VERSION = 4.0;
				TARGETED_DEVICE_FAMILY = "1,2";
			};
			name = Debug;
		};
		EAB4F6DE202E3327007F7DB2 /* Release */ = {
			isa = XCBuildConfiguration;
			baseConfigurationReference = 593BF7CF653FB6EB570D48E6 /* Pods-PSI App.release.xcconfig */;
			buildSettings = {
				ASSETCATALOG_COMPILER_APPICON_NAME = AppIcon;
				CODE_SIGN_STYLE = Automatic;
				DEVELOPMENT_TEAM = A5HC9A89Y3;
				INFOPLIST_FILE = "PSI App/Info.plist";
				LD_RUNPATH_SEARCH_PATHS = "$(inherited) @executable_path/Frameworks";
				PRODUCT_BUNDLE_IDENTIFIER = "com.megantara.PSI-App";
				PRODUCT_NAME = "$(TARGET_NAME)";
				SWIFT_VERSION = 4.0;
				TARGETED_DEVICE_FAMILY = "1,2";
			};
			name = Release;
		};
		EAB4F6E0202E3327007F7DB2 /* Debug */ = {
			isa = XCBuildConfiguration;
			baseConfigurationReference = FEF444D58069C8B60BC1F4B5 /* Pods-PSI AppTests.debug.xcconfig */;
			buildSettings = {
				ALWAYS_EMBED_SWIFT_STANDARD_LIBRARIES = YES;
				BUNDLE_LOADER = "$(TEST_HOST)";
				CODE_SIGN_STYLE = Automatic;
				DEVELOPMENT_TEAM = A5HC9A89Y3;
				INFOPLIST_FILE = "PSI AppTests/Info.plist";
				LD_RUNPATH_SEARCH_PATHS = "$(inherited) @executable_path/Frameworks @loader_path/Frameworks";
				PRODUCT_BUNDLE_IDENTIFIER = "com.megantara.PSI-AppTests";
				PRODUCT_NAME = "$(TARGET_NAME)";
				SWIFT_VERSION = 4.0;
				TARGETED_DEVICE_FAMILY = "1,2";
				TEST_HOST = "$(BUILT_PRODUCTS_DIR)/PSI App.app/PSI App";
			};
			name = Debug;
		};
		EAB4F6E1202E3327007F7DB2 /* Release */ = {
			isa = XCBuildConfiguration;
			baseConfigurationReference = 7895E92EDF7E20894E5003AC /* Pods-PSI AppTests.release.xcconfig */;
			buildSettings = {
				ALWAYS_EMBED_SWIFT_STANDARD_LIBRARIES = YES;
				BUNDLE_LOADER = "$(TEST_HOST)";
				CODE_SIGN_STYLE = Automatic;
				DEVELOPMENT_TEAM = A5HC9A89Y3;
				INFOPLIST_FILE = "PSI AppTests/Info.plist";
				LD_RUNPATH_SEARCH_PATHS = "$(inherited) @executable_path/Frameworks @loader_path/Frameworks";
				PRODUCT_BUNDLE_IDENTIFIER = "com.megantara.PSI-AppTests";
				PRODUCT_NAME = "$(TARGET_NAME)";
				SWIFT_VERSION = 4.0;
				TARGETED_DEVICE_FAMILY = "1,2";
				TEST_HOST = "$(BUILT_PRODUCTS_DIR)/PSI App.app/PSI App";
			};
			name = Release;
		};
		EAB4F6E3202E3327007F7DB2 /* Debug */ = {
			isa = XCBuildConfiguration;
			baseConfigurationReference = 8C6CF847F57790C977EE0F0A /* Pods-PSI AppUITests.debug.xcconfig */;
			buildSettings = {
				ALWAYS_EMBED_SWIFT_STANDARD_LIBRARIES = YES;
				CODE_SIGN_STYLE = Automatic;
				DEVELOPMENT_TEAM = A5HC9A89Y3;
				INFOPLIST_FILE = "PSI AppUITests/Info.plist";
				LD_RUNPATH_SEARCH_PATHS = "$(inherited) @executable_path/Frameworks @loader_path/Frameworks";
				PRODUCT_BUNDLE_IDENTIFIER = "com.megantara.PSI-AppUITests";
				PRODUCT_NAME = "$(TARGET_NAME)";
				SWIFT_VERSION = 4.0;
				TARGETED_DEVICE_FAMILY = "1,2";
				TEST_TARGET_NAME = "PSI App";
			};
			name = Debug;
		};
		EAB4F6E4202E3327007F7DB2 /* Release */ = {
			isa = XCBuildConfiguration;
			baseConfigurationReference = FD31A319E29D98112322F946 /* Pods-PSI AppUITests.release.xcconfig */;
			buildSettings = {
				ALWAYS_EMBED_SWIFT_STANDARD_LIBRARIES = YES;
				CODE_SIGN_STYLE = Automatic;
				DEVELOPMENT_TEAM = A5HC9A89Y3;
				INFOPLIST_FILE = "PSI AppUITests/Info.plist";
				LD_RUNPATH_SEARCH_PATHS = "$(inherited) @executable_path/Frameworks @loader_path/Frameworks";
				PRODUCT_BUNDLE_IDENTIFIER = "com.megantara.PSI-AppUITests";
				PRODUCT_NAME = "$(TARGET_NAME)";
				SWIFT_VERSION = 4.0;
				TARGETED_DEVICE_FAMILY = "1,2";
				TEST_TARGET_NAME = "PSI App";
			};
			name = Release;
		};
/* End XCBuildConfiguration section */

/* Begin XCConfigurationList section */
		EAB4F6AF202E3327007F7DB2 /* Build configuration list for PBXProject "PSI App" */ = {
			isa = XCConfigurationList;
			buildConfigurations = (
				EAB4F6DA202E3327007F7DB2 /* Debug */,
				EAB4F6DB202E3327007F7DB2 /* Release */,
			);
			defaultConfigurationIsVisible = 0;
			defaultConfigurationName = Release;
		};
		EAB4F6DC202E3327007F7DB2 /* Build configuration list for PBXNativeTarget "PSI App" */ = {
			isa = XCConfigurationList;
			buildConfigurations = (
				EAB4F6DD202E3327007F7DB2 /* Debug */,
				EAB4F6DE202E3327007F7DB2 /* Release */,
			);
			defaultConfigurationIsVisible = 0;
			defaultConfigurationName = Release;
		};
		EAB4F6DF202E3327007F7DB2 /* Build configuration list for PBXNativeTarget "PSI AppTests" */ = {
			isa = XCConfigurationList;
			buildConfigurations = (
				EAB4F6E0202E3327007F7DB2 /* Debug */,
				EAB4F6E1202E3327007F7DB2 /* Release */,
			);
			defaultConfigurationIsVisible = 0;
			defaultConfigurationName = Release;
		};
		EAB4F6E2202E3327007F7DB2 /* Build configuration list for PBXNativeTarget "PSI AppUITests" */ = {
			isa = XCConfigurationList;
			buildConfigurations = (
				EAB4F6E3202E3327007F7DB2 /* Debug */,
				EAB4F6E4202E3327007F7DB2 /* Release */,
			);
			defaultConfigurationIsVisible = 0;
			defaultConfigurationName = Release;
		};
/* End XCConfigurationList section */
	};
	rootObject = EAB4F6AC202E3327007F7DB2 /* Project object */;
}
